// !$*UTF8*$!
{
	archiveVersion = 1;
	classes = {
	};
	objectVersion = 50;
	objects = {

/* Begin PBXBuildFile section */
		4F361B51259BC96C00AE2536 /* CellView.swift in Sources */ = {isa = PBXBuildFile; fileRef = 4F361B50259BC96C00AE2536 /* CellView.swift */; };
		4F40E40725CFE7CF008523A2 /* PrinterConnectView.swift in Sources */ = {isa = PBXBuildFile; fileRef = 4F40E40625CFE7CF008523A2 /* PrinterConnectView.swift */; };
		4F40E40F25CFF818008523A2 /* printerCellView.swift in Sources */ = {isa = PBXBuildFile; fileRef = 4F40E40E25CFF818008523A2 /* printerCellView.swift */; };
		4F5E82DE25A08C5700EDEEBF /* ReadBarcodeViewController.swift in Sources */ = {isa = PBXBuildFile; fileRef = 4F5E82DD25A08C5700EDEEBF /* ReadBarcodeViewController.swift */; };
		4FF46822259B8B810059C8A0 /* AppDelegate.swift in Sources */ = {isa = PBXBuildFile; fileRef = 4FF46821259B8B810059C8A0 /* AppDelegate.swift */; };
		4FF46824259B8B810059C8A0 /* SceneDelegate.swift in Sources */ = {isa = PBXBuildFile; fileRef = 4FF46823259B8B810059C8A0 /* SceneDelegate.swift */; };
		4FF46826259B8B810059C8A0 /* ViewController.swift in Sources */ = {isa = PBXBuildFile; fileRef = 4FF46825259B8B810059C8A0 /* ViewController.swift */; };
		4FF46829259B8B810059C8A0 /* Main.storyboard in Resources */ = {isa = PBXBuildFile; fileRef = 4FF46827259B8B810059C8A0 /* Main.storyboard */; };
		4FF4682C259B8B810059C8A0 /* MiopsBarcodeManager.xcdatamodeld in Sources */ = {isa = PBXBuildFile; fileRef = 4FF4682A259B8B810059C8A0 /* MiopsBarcodeManager.xcdatamodeld */; };
		4FF4682E259B8B830059C8A0 /* Assets.xcassets in Resources */ = {isa = PBXBuildFile; fileRef = 4FF4682D259B8B830059C8A0 /* Assets.xcassets */; };
		4FF46831259B8B830059C8A0 /* LaunchScreen.storyboard in Resources */ = {isa = PBXBuildFile; fileRef = 4FF4682F259B8B830059C8A0 /* LaunchScreen.storyboard */; };
		4FF4683C259B8B830059C8A0 /* MiopsBarcodeManagerTests.swift in Sources */ = {isa = PBXBuildFile; fileRef = 4FF4683B259B8B830059C8A0 /* MiopsBarcodeManagerTests.swift */; };
		4FF46847259B8B830059C8A0 /* MiopsBarcodeManagerUITests.swift in Sources */ = {isa = PBXBuildFile; fileRef = 4FF46846259B8B830059C8A0 /* MiopsBarcodeManagerUITests.swift */; };
		4FF4685D259B9E0E0059C8A0 /* PrintBarcodeViewController.swift in Sources */ = {isa = PBXBuildFile; fileRef = 4FF4685C259B9E0E0059C8A0 /* PrintBarcodeViewController.swift */; };
/* End PBXBuildFile section */

/* Begin PBXContainerItemProxy section */
		4FF46838259B8B830059C8A0 /* PBXContainerItemProxy */ = {
			isa = PBXContainerItemProxy;
			containerPortal = 4FF46816259B8B810059C8A0 /* Project object */;
			proxyType = 1;
			remoteGlobalIDString = 4FF4681D259B8B810059C8A0;
			remoteInfo = MiopsBarcodeManager;
		};
		4FF46843259B8B830059C8A0 /* PBXContainerItemProxy */ = {
			isa = PBXContainerItemProxy;
			containerPortal = 4FF46816259B8B810059C8A0 /* Project object */;
			proxyType = 1;
			remoteGlobalIDString = 4FF4681D259B8B810059C8A0;
			remoteInfo = MiopsBarcodeManager;
		};
/* End PBXContainerItemProxy section */

/* Begin PBXFileReference section */
		4F361B50259BC96C00AE2536 /* CellView.swift */ = {isa = PBXFileReference; lastKnownFileType = sourcecode.swift; path = CellView.swift; sourceTree = "<group>"; };
		4F40E3F425CFE751008523A2 /* MiopsBarcodeManager-Bridging-Header.h */ = {isa = PBXFileReference; lastKnownFileType = sourcecode.c.h; path = "MiopsBarcodeManager-Bridging-Header.h"; sourceTree = "<group>"; };
		4F40E40625CFE7CF008523A2 /* PrinterConnectView.swift */ = {isa = PBXFileReference; lastKnownFileType = sourcecode.swift; path = PrinterConnectView.swift; sourceTree = "<group>"; };
		4F40E40E25CFF818008523A2 /* printerCellView.swift */ = {isa = PBXFileReference; lastKnownFileType = sourcecode.swift; path = printerCellView.swift; sourceTree = "<group>"; };
		4F5E82DD25A08C5700EDEEBF /* ReadBarcodeViewController.swift */ = {isa = PBXFileReference; lastKnownFileType = sourcecode.swift; path = ReadBarcodeViewController.swift; sourceTree = "<group>"; };
		4FF4681E259B8B810059C8A0 /* MiopsBarcodeManager.app */ = {isa = PBXFileReference; explicitFileType = wrapper.application; includeInIndex = 0; path = MiopsBarcodeManager.app; sourceTree = BUILT_PRODUCTS_DIR; };
		4FF46821259B8B810059C8A0 /* AppDelegate.swift */ = {isa = PBXFileReference; lastKnownFileType = sourcecode.swift; path = AppDelegate.swift; sourceTree = "<group>"; };
		4FF46823259B8B810059C8A0 /* SceneDelegate.swift */ = {isa = PBXFileReference; lastKnownFileType = sourcecode.swift; path = SceneDelegate.swift; sourceTree = "<group>"; };
		4FF46825259B8B810059C8A0 /* ViewController.swift */ = {isa = PBXFileReference; lastKnownFileType = sourcecode.swift; path = ViewController.swift; sourceTree = "<group>"; };
		4FF46828259B8B810059C8A0 /* Base */ = {isa = PBXFileReference; lastKnownFileType = file.storyboard; name = Base; path = Base.lproj/Main.storyboard; sourceTree = "<group>"; };
		4FF4682B259B8B810059C8A0 /* MiopsBarcodeManager.xcdatamodel */ = {isa = PBXFileReference; lastKnownFileType = wrapper.xcdatamodel; path = MiopsBarcodeManager.xcdatamodel; sourceTree = "<group>"; };
		4FF4682D259B8B830059C8A0 /* Assets.xcassets */ = {isa = PBXFileReference; lastKnownFileType = folder.assetcatalog; path = Assets.xcassets; sourceTree = "<group>"; };
		4FF46830259B8B830059C8A0 /* Base */ = {isa = PBXFileReference; lastKnownFileType = file.storyboard; name = Base; path = Base.lproj/LaunchScreen.storyboard; sourceTree = "<group>"; };
		4FF46832259B8B830059C8A0 /* Info.plist */ = {isa = PBXFileReference; lastKnownFileType = text.plist.xml; path = Info.plist; sourceTree = "<group>"; };
		4FF46837259B8B830059C8A0 /* MiopsBarcodeManagerTests.xctest */ = {isa = PBXFileReference; explicitFileType = wrapper.cfbundle; includeInIndex = 0; path = MiopsBarcodeManagerTests.xctest; sourceTree = BUILT_PRODUCTS_DIR; };
		4FF4683B259B8B830059C8A0 /* MiopsBarcodeManagerTests.swift */ = {isa = PBXFileReference; lastKnownFileType = sourcecode.swift; path = MiopsBarcodeManagerTests.swift; sourceTree = "<group>"; };
		4FF4683D259B8B830059C8A0 /* Info.plist */ = {isa = PBXFileReference; lastKnownFileType = text.plist.xml; path = Info.plist; sourceTree = "<group>"; };
		4FF46842259B8B830059C8A0 /* MiopsBarcodeManagerUITests.xctest */ = {isa = PBXFileReference; explicitFileType = wrapper.cfbundle; includeInIndex = 0; path = MiopsBarcodeManagerUITests.xctest; sourceTree = BUILT_PRODUCTS_DIR; };
		4FF46846259B8B830059C8A0 /* MiopsBarcodeManagerUITests.swift */ = {isa = PBXFileReference; lastKnownFileType = sourcecode.swift; path = MiopsBarcodeManagerUITests.swift; sourceTree = "<group>"; };
		4FF46848259B8B830059C8A0 /* Info.plist */ = {isa = PBXFileReference; lastKnownFileType = text.plist.xml; path = Info.plist; sourceTree = "<group>"; };
		4FF4685C259B9E0E0059C8A0 /* PrintBarcodeViewController.swift */ = {isa = PBXFileReference; lastKnownFileType = sourcecode.swift; path = PrintBarcodeViewController.swift; sourceTree = "<group>"; };
/* End PBXFileReference section */

/* Begin PBXFrameworksBuildPhase section */
		4FF4681B259B8B810059C8A0 /* Frameworks */ = {
			isa = PBXFrameworksBuildPhase;
			buildActionMask = 2147483647;
			files = (
			);
			runOnlyForDeploymentPostprocessing = 0;
		};
		4FF46834259B8B830059C8A0 /* Frameworks */ = {
			isa = PBXFrameworksBuildPhase;
			buildActionMask = 2147483647;
			files = (
			);
			runOnlyForDeploymentPostprocessing = 0;
		};
		4FF4683F259B8B830059C8A0 /* Frameworks */ = {
			isa = PBXFrameworksBuildPhase;
			buildActionMask = 2147483647;
			files = (
			);
			runOnlyForDeploymentPostprocessing = 0;
		};
/* End PBXFrameworksBuildPhase section */

/* Begin PBXGroup section */
		4FDC0BDC265C30C2007306C7 /* ViewControllerS */ = {
			isa = PBXGroup;
			children = (
				4FF4685C259B9E0E0059C8A0 /* PrintBarcodeViewController.swift */,
				4F5E82DD25A08C5700EDEEBF /* ReadBarcodeViewController.swift */,
				4F40E40625CFE7CF008523A2 /* PrinterConnectView.swift */,
			);
			path = ViewControllerS;
			sourceTree = "<group>";
		};
		4FF46815259B8B810059C8A0 = {
			isa = PBXGroup;
			children = (
				4FF46820259B8B810059C8A0 /* MiopsBarcodeManager */,
				4FF4683A259B8B830059C8A0 /* MiopsBarcodeManagerTests */,
				4FF46845259B8B830059C8A0 /* MiopsBarcodeManagerUITests */,
				4FF4681F259B8B810059C8A0 /* Products */,
			);
			sourceTree = "<group>";
		};
		4FF4681F259B8B810059C8A0 /* Products */ = {
			isa = PBXGroup;
			children = (
				4FF4681E259B8B810059C8A0 /* MiopsBarcodeManager.app */,
				4FF46837259B8B830059C8A0 /* MiopsBarcodeManagerTests.xctest */,
				4FF46842259B8B830059C8A0 /* MiopsBarcodeManagerUITests.xctest */,
			);
			name = Products;
			sourceTree = "<group>";
		};
		4FF46820259B8B810059C8A0 /* MiopsBarcodeManager */ = {
			isa = PBXGroup;
			children = (
				4FDC0BDC265C30C2007306C7 /* ViewControllerS */,
				4FF46821259B8B810059C8A0 /* AppDelegate.swift */,
				4FF46823259B8B810059C8A0 /* SceneDelegate.swift */,
				4FF46825259B8B810059C8A0 /* ViewController.swift */,
				4FF46827259B8B810059C8A0 /* Main.storyboard */,
				4FF4682D259B8B830059C8A0 /* Assets.xcassets */,
				4FF4682F259B8B830059C8A0 /* LaunchScreen.storyboard */,
				4FF46832259B8B830059C8A0 /* Info.plist */,
				4FF4682A259B8B810059C8A0 /* MiopsBarcodeManager.xcdatamodeld */,
				4F361B50259BC96C00AE2536 /* CellView.swift */,
				4F40E40E25CFF818008523A2 /* printerCellView.swift */,
				4F40E3F425CFE751008523A2 /* MiopsBarcodeManager-Bridging-Header.h */,
			);
			path = MiopsBarcodeManager;
			sourceTree = "<group>";
		};
		4FF4683A259B8B830059C8A0 /* MiopsBarcodeManagerTests */ = {
			isa = PBXGroup;
			children = (
				4FF4683B259B8B830059C8A0 /* MiopsBarcodeManagerTests.swift */,
				4FF4683D259B8B830059C8A0 /* Info.plist */,
			);
			path = MiopsBarcodeManagerTests;
			sourceTree = "<group>";
		};
		4FF46845259B8B830059C8A0 /* MiopsBarcodeManagerUITests */ = {
			isa = PBXGroup;
			children = (
				4FF46846259B8B830059C8A0 /* MiopsBarcodeManagerUITests.swift */,
				4FF46848259B8B830059C8A0 /* Info.plist */,
			);
			path = MiopsBarcodeManagerUITests;
			sourceTree = "<group>";
		};
/* End PBXGroup section */

/* Begin PBXNativeTarget section */
		4FF4681D259B8B810059C8A0 /* MiopsBarcodeManager */ = {
			isa = PBXNativeTarget;
			buildConfigurationList = 4FF4684B259B8B830059C8A0 /* Build configuration list for PBXNativeTarget "MiopsBarcodeManager" */;
			buildPhases = (
				4FF4681A259B8B810059C8A0 /* Sources */,
				4FF4681B259B8B810059C8A0 /* Frameworks */,
				4FF4681C259B8B810059C8A0 /* Resources */,
			);
			buildRules = (
			);
			dependencies = (
			);
			name = MiopsBarcodeManager;
			productName = MiopsBarcodeManager;
			productReference = 4FF4681E259B8B810059C8A0 /* MiopsBarcodeManager.app */;
			productType = "com.apple.product-type.application";
		};
		4FF46836259B8B830059C8A0 /* MiopsBarcodeManagerTests */ = {
			isa = PBXNativeTarget;
			buildConfigurationList = 4FF4684E259B8B830059C8A0 /* Build configuration list for PBXNativeTarget "MiopsBarcodeManagerTests" */;
			buildPhases = (
				4FF46833259B8B830059C8A0 /* Sources */,
				4FF46834259B8B830059C8A0 /* Frameworks */,
				4FF46835259B8B830059C8A0 /* Resources */,
			);
			buildRules = (
			);
			dependencies = (
				4FF46839259B8B830059C8A0 /* PBXTargetDependency */,
			);
			name = MiopsBarcodeManagerTests;
			productName = MiopsBarcodeManagerTests;
			productReference = 4FF46837259B8B830059C8A0 /* MiopsBarcodeManagerTests.xctest */;
			productType = "com.apple.product-type.bundle.unit-test";
		};
		4FF46841259B8B830059C8A0 /* MiopsBarcodeManagerUITests */ = {
			isa = PBXNativeTarget;
			buildConfigurationList = 4FF46851259B8B830059C8A0 /* Build configuration list for PBXNativeTarget "MiopsBarcodeManagerUITests" */;
			buildPhases = (
				4FF4683E259B8B830059C8A0 /* Sources */,
				4FF4683F259B8B830059C8A0 /* Frameworks */,
				4FF46840259B8B830059C8A0 /* Resources */,
			);
			buildRules = (
			);
			dependencies = (
				4FF46844259B8B830059C8A0 /* PBXTargetDependency */,
			);
			name = MiopsBarcodeManagerUITests;
			productName = MiopsBarcodeManagerUITests;
			productReference = 4FF46842259B8B830059C8A0 /* MiopsBarcodeManagerUITests.xctest */;
			productType = "com.apple.product-type.bundle.ui-testing";
		};
/* End PBXNativeTarget section */

/* Begin PBXProject section */
		4FF46816259B8B810059C8A0 /* Project object */ = {
			isa = PBXProject;
			attributes = {
				LastSwiftUpdateCheck = 1210;
				LastUpgradeCheck = 1210;
				TargetAttributes = {
					4FF4681D259B8B810059C8A0 = {
						CreatedOnToolsVersion = 12.1;
						LastSwiftMigration = 1230;
					};
					4FF46836259B8B830059C8A0 = {
						CreatedOnToolsVersion = 12.1;
						TestTargetID = 4FF4681D259B8B810059C8A0;
					};
					4FF46841259B8B830059C8A0 = {
						CreatedOnToolsVersion = 12.1;
						TestTargetID = 4FF4681D259B8B810059C8A0;
					};
				};
			};
			buildConfigurationList = 4FF46819259B8B810059C8A0 /* Build configuration list for PBXProject "MiopsBarcodeManager" */;
			compatibilityVersion = "Xcode 9.3";
			developmentRegion = en;
			hasScannedForEncodings = 0;
			knownRegions = (
				en,
				Base,
			);
			mainGroup = 4FF46815259B8B810059C8A0;
			productRefGroup = 4FF4681F259B8B810059C8A0 /* Products */;
			projectDirPath = "";
			projectRoot = "";
			targets = (
				4FF4681D259B8B810059C8A0 /* MiopsBarcodeManager */,
				4FF46836259B8B830059C8A0 /* MiopsBarcodeManagerTests */,
				4FF46841259B8B830059C8A0 /* MiopsBarcodeManagerUITests */,
			);
		};
/* End PBXProject section */

/* Begin PBXResourcesBuildPhase section */
		4FF4681C259B8B810059C8A0 /* Resources */ = {
			isa = PBXResourcesBuildPhase;
			buildActionMask = 2147483647;
			files = (
				4FF46831259B8B830059C8A0 /* LaunchScreen.storyboard in Resources */,
				4FF4682E259B8B830059C8A0 /* Assets.xcassets in Resources */,
				4FF46829259B8B810059C8A0 /* Main.storyboard in Resources */,
			);
			runOnlyForDeploymentPostprocessing = 0;
		};
		4FF46835259B8B830059C8A0 /* Resources */ = {
			isa = PBXResourcesBuildPhase;
			buildActionMask = 2147483647;
			files = (
			);
			runOnlyForDeploymentPostprocessing = 0;
		};
		4FF46840259B8B830059C8A0 /* Resources */ = {
			isa = PBXResourcesBuildPhase;
			buildActionMask = 2147483647;
			files = (
			);
			runOnlyForDeploymentPostprocessing = 0;
		};
/* End PBXResourcesBuildPhase section */

/* Begin PBXSourcesBuildPhase section */
		4FF4681A259B8B810059C8A0 /* Sources */ = {
			isa = PBXSourcesBuildPhase;
			buildActionMask = 2147483647;
			files = (
				4FF46826259B8B810059C8A0 /* ViewController.swift in Sources */,
				4FF46822259B8B810059C8A0 /* AppDelegate.swift in Sources */,
				4F361B51259BC96C00AE2536 /* CellView.swift in Sources */,
				4FF4685D259B9E0E0059C8A0 /* PrintBarcodeViewController.swift in Sources */,
				4F40E40F25CFF818008523A2 /* printerCellView.swift in Sources */,
				4F40E40725CFE7CF008523A2 /* PrinterConnectView.swift in Sources */,
				4FF4682C259B8B810059C8A0 /* MiopsBarcodeManager.xcdatamodeld in Sources */,
				4FF46824259B8B810059C8A0 /* SceneDelegate.swift in Sources */,
				4F5E82DE25A08C5700EDEEBF /* ReadBarcodeViewController.swift in Sources */,
			);
			runOnlyForDeploymentPostprocessing = 0;
		};
		4FF46833259B8B830059C8A0 /* Sources */ = {
			isa = PBXSourcesBuildPhase;
			buildActionMask = 2147483647;
			files = (
				4FF4683C259B8B830059C8A0 /* MiopsBarcodeManagerTests.swift in Sources */,
			);
			runOnlyForDeploymentPostprocessing = 0;
		};
		4FF4683E259B8B830059C8A0 /* Sources */ = {
			isa = PBXSourcesBuildPhase;
			buildActionMask = 2147483647;
			files = (
				4FF46847259B8B830059C8A0 /* MiopsBarcodeManagerUITests.swift in Sources */,
			);
			runOnlyForDeploymentPostprocessing = 0;
		};
/* End PBXSourcesBuildPhase section */

/* Begin PBXTargetDependency section */
		4FF46839259B8B830059C8A0 /* PBXTargetDependency */ = {
			isa = PBXTargetDependency;
			target = 4FF4681D259B8B810059C8A0 /* MiopsBarcodeManager */;
			targetProxy = 4FF46838259B8B830059C8A0 /* PBXContainerItemProxy */;
		};
		4FF46844259B8B830059C8A0 /* PBXTargetDependency */ = {
			isa = PBXTargetDependency;
			target = 4FF4681D259B8B810059C8A0 /* MiopsBarcodeManager */;
			targetProxy = 4FF46843259B8B830059C8A0 /* PBXContainerItemProxy */;
		};
/* End PBXTargetDependency section */

/* Begin PBXVariantGroup section */
		4FF46827259B8B810059C8A0 /* Main.storyboard */ = {
			isa = PBXVariantGroup;
			children = (
				4FF46828259B8B810059C8A0 /* Base */,
			);
			name = Main.storyboard;
			sourceTree = "<group>";
		};
		4FF4682F259B8B830059C8A0 /* LaunchScreen.storyboard */ = {
			isa = PBXVariantGroup;
			children = (
				4FF46830259B8B830059C8A0 /* Base */,
			);
			name = LaunchScreen.storyboard;
			sourceTree = "<group>";
		};
/* End PBXVariantGroup section */

/* Begin XCBuildConfiguration section */
		4FF46849259B8B830059C8A0 /* Debug */ = {
			isa = XCBuildConfiguration;
			buildSettings = {
				ALWAYS_SEARCH_USER_PATHS = NO;
				CLANG_ANALYZER_NONNULL = YES;
				CLANG_ANALYZER_NUMBER_OBJECT_CONVERSION = YES_AGGRESSIVE;
				CLANG_CXX_LANGUAGE_STANDARD = "gnu++14";
				CLANG_CXX_LIBRARY = "libc++";
				CLANG_ENABLE_MODULES = YES;
				CLANG_ENABLE_OBJC_ARC = YES;
				CLANG_ENABLE_OBJC_WEAK = YES;
				CLANG_WARN_BLOCK_CAPTURE_AUTORELEASING = YES;
				CLANG_WARN_BOOL_CONVERSION = YES;
				CLANG_WARN_COMMA = YES;
				CLANG_WARN_CONSTANT_CONVERSION = YES;
				CLANG_WARN_DEPRECATED_OBJC_IMPLEMENTATIONS = YES;
				CLANG_WARN_DIRECT_OBJC_ISA_USAGE = YES_ERROR;
				CLANG_WARN_DOCUMENTATION_COMMENTS = YES;
				CLANG_WARN_EMPTY_BODY = YES;
				CLANG_WARN_ENUM_CONVERSION = YES;
				CLANG_WARN_INFINITE_RECURSION = YES;
				CLANG_WARN_INT_CONVERSION = YES;
				CLANG_WARN_NON_LITERAL_NULL_CONVERSION = YES;
				CLANG_WARN_OBJC_IMPLICIT_RETAIN_SELF = YES;
				CLANG_WARN_OBJC_LITERAL_CONVERSION = YES;
				CLANG_WARN_OBJC_ROOT_CLASS = YES_ERROR;
				CLANG_WARN_QUOTED_INCLUDE_IN_FRAMEWORK_HEADER = YES;
				CLANG_WARN_RANGE_LOOP_ANALYSIS = YES;
				CLANG_WARN_STRICT_PROTOTYPES = YES;
				CLANG_WARN_SUSPICIOUS_MOVE = YES;
				CLANG_WARN_UNGUARDED_AVAILABILITY = YES_AGGRESSIVE;
				CLANG_WARN_UNREACHABLE_CODE = YES;
				CLANG_WARN__DUPLICATE_METHOD_MATCH = YES;
				COPY_PHASE_STRIP = NO;
				DEBUG_INFORMATION_FORMAT = dwarf;
				ENABLE_STRICT_OBJC_MSGSEND = YES;
				ENABLE_TESTABILITY = YES;
				GCC_C_LANGUAGE_STANDARD = gnu11;
				GCC_DYNAMIC_NO_PIC = NO;
				GCC_NO_COMMON_BLOCKS = YES;
				GCC_OPTIMIZATION_LEVEL = 0;
				GCC_PREPROCESSOR_DEFINITIONS = (
					"DEBUG=1",
					"$(inherited)",
				);
				GCC_WARN_64_TO_32_BIT_CONVERSION = YES;
				GCC_WARN_ABOUT_RETURN_TYPE = YES_ERROR;
				GCC_WARN_UNDECLARED_SELECTOR = YES;
				GCC_WARN_UNINITIALIZED_AUTOS = YES_AGGRESSIVE;
				GCC_WARN_UNUSED_FUNCTION = YES;
				GCC_WARN_UNUSED_VARIABLE = YES;
				IPHONEOS_DEPLOYMENT_TARGET = 14.1;
				MTL_ENABLE_DEBUG_INFO = INCLUDE_SOURCE;
				MTL_FAST_MATH = YES;
				ONLY_ACTIVE_ARCH = YES;
				SDKROOT = iphoneos;
				SWIFT_ACTIVE_COMPILATION_CONDITIONS = DEBUG;
				SWIFT_OPTIMIZATION_LEVEL = "-Onone";
			};
			name = Debug;
		};
		4FF4684A259B8B830059C8A0 /* Release */ = {
			isa = XCBuildConfiguration;
			buildSettings = {
				ALWAYS_SEARCH_USER_PATHS = NO;
				CLANG_ANALYZER_NONNULL = YES;
				CLANG_ANALYZER_NUMBER_OBJECT_CONVERSION = YES_AGGRESSIVE;
				CLANG_CXX_LANGUAGE_STANDARD = "gnu++14";
				CLANG_CXX_LIBRARY = "libc++";
				CLANG_ENABLE_MODULES = YES;
				CLANG_ENABLE_OBJC_ARC = YES;
				CLANG_ENABLE_OBJC_WEAK = YES;
				CLANG_WARN_BLOCK_CAPTURE_AUTORELEASING = YES;
				CLANG_WARN_BOOL_CONVERSION = YES;
				CLANG_WARN_COMMA = YES;
				CLANG_WARN_CONSTANT_CONVERSION = YES;
				CLANG_WARN_DEPRECATED_OBJC_IMPLEMENTATIONS = YES;
				CLANG_WARN_DIRECT_OBJC_ISA_USAGE = YES_ERROR;
				CLANG_WARN_DOCUMENTATION_COMMENTS = YES;
				CLANG_WARN_EMPTY_BODY = YES;
				CLANG_WARN_ENUM_CONVERSION = YES;
				CLANG_WARN_INFINITE_RECURSION = YES;
				CLANG_WARN_INT_CONVERSION = YES;
				CLANG_WARN_NON_LITERAL_NULL_CONVERSION = YES;
				CLANG_WARN_OBJC_IMPLICIT_RETAIN_SELF = YES;
				CLANG_WARN_OBJC_LITERAL_CONVERSION = YES;
				CLANG_WARN_OBJC_ROOT_CLASS = YES_ERROR;
				CLANG_WARN_QUOTED_INCLUDE_IN_FRAMEWORK_HEADER = YES;
				CLANG_WARN_RANGE_LOOP_ANALYSIS = YES;
				CLANG_WARN_STRICT_PROTOTYPES = YES;
				CLANG_WARN_SUSPICIOUS_MOVE = YES;
				CLANG_WARN_UNGUARDED_AVAILABILITY = YES_AGGRESSIVE;
				CLANG_WARN_UNREACHABLE_CODE = YES;
				CLANG_WARN__DUPLICATE_METHOD_MATCH = YES;
				COPY_PHASE_STRIP = NO;
				DEBUG_INFORMATION_FORMAT = "dwarf-with-dsym";
				ENABLE_NS_ASSERTIONS = NO;
				ENABLE_STRICT_OBJC_MSGSEND = YES;
				GCC_C_LANGUAGE_STANDARD = gnu11;
				GCC_NO_COMMON_BLOCKS = YES;
				GCC_WARN_64_TO_32_BIT_CONVERSION = YES;
				GCC_WARN_ABOUT_RETURN_TYPE = YES_ERROR;
				GCC_WARN_UNDECLARED_SELECTOR = YES;
				GCC_WARN_UNINITIALIZED_AUTOS = YES_AGGRESSIVE;
				GCC_WARN_UNUSED_FUNCTION = YES;
				GCC_WARN_UNUSED_VARIABLE = YES;
				IPHONEOS_DEPLOYMENT_TARGET = 14.1;
				MTL_ENABLE_DEBUG_INFO = NO;
				MTL_FAST_MATH = YES;
				SDKROOT = iphoneos;
				SWIFT_COMPILATION_MODE = wholemodule;
				SWIFT_OPTIMIZATION_LEVEL = "-O";
				VALIDATE_PRODUCT = YES;
			};
			name = Release;
		};
		4FF4684C259B8B830059C8A0 /* Debug */ = {
			isa = XCBuildConfiguration;
			buildSettings = {
				ASSETCATALOG_COMPILER_APPICON_NAME = AppIcon;
				ASSETCATALOG_COMPILER_GLOBAL_ACCENT_COLOR_NAME = AccentColor;
				CLANG_ENABLE_MODULES = YES;
				CODE_SIGN_STYLE = Automatic;
				DEVELOPMENT_TEAM = XJ65T6XJTU;
				INFOPLIST_FILE = MiopsBarcodeManager/Info.plist;
				LD_RUNPATH_SEARCH_PATHS = (
					"$(inherited)",
					"@executable_path/Frameworks",
				);
				PRODUCT_BUNDLE_IDENTIFIER = Staj.MiopsBarcodeManager;
				PRODUCT_NAME = "$(TARGET_NAME)";
				SWIFT_OBJC_BRIDGING_HEADER = "MiopsBarcodeManager/MiopsBarcodeManager-Bridging-Header.h";
				SWIFT_OPTIMIZATION_LEVEL = "-Onone";
				SWIFT_VERSION = 5.0;
				TARGETED_DEVICE_FAMILY = "1,2";
			};
			name = Debug;
		};
		4FF4684D259B8B830059C8A0 /* Release */ = {
			isa = XCBuildConfiguration;
			buildSettings = {
				ASSETCATALOG_COMPILER_APPICON_NAME = AppIcon;
				ASSETCATALOG_COMPILER_GLOBAL_ACCENT_COLOR_NAME = AccentColor;
				CLANG_ENABLE_MODULES = YES;
				CODE_SIGN_STYLE = Automatic;
				DEVELOPMENT_TEAM = XJ65T6XJTU;
				INFOPLIST_FILE = MiopsBarcodeManager/Info.plist;
				LD_RUNPATH_SEARCH_PATHS = (
					"$(inherited)",
					"@executable_path/Frameworks",
				);
				PRODUCT_BUNDLE_IDENTIFIER = Staj.MiopsBarcodeManager;
				PRODUCT_NAME = "$(TARGET_NAME)";
				SWIFT_OBJC_BRIDGING_HEADER = "MiopsBarcodeManager/MiopsBarcodeManager-Bridging-Header.h";
				SWIFT_VERSION = 5.0;
				TARGETED_DEVICE_FAMILY = "1,2";
			};
			name = Release;
		};
		4FF4684F259B8B830059C8A0 /* Debug */ = {
			isa = XCBuildConfiguration;
			buildSettings = {
				ALWAYS_EMBED_SWIFT_STANDARD_LIBRARIES = YES;
				BUNDLE_LOADER = "$(TEST_HOST)";
				CODE_SIGN_STYLE = Automatic;
				DEVELOPMENT_TEAM = XJ65T6XJTU;
				INFOPLIST_FILE = MiopsBarcodeManagerTests/Info.plist;
				IPHONEOS_DEPLOYMENT_TARGET = 14.1;
				LD_RUNPATH_SEARCH_PATHS = (
					"$(inherited)",
					"@executable_path/Frameworks",
					"@loader_path/Frameworks",
				);
				PRODUCT_BUNDLE_IDENTIFIER = Staj.MiopsBarcodeManagerTests;
				PRODUCT_NAME = "$(TARGET_NAME)";
				SWIFT_VERSION = 5.0;
				TARGETED_DEVICE_FAMILY = "1,2";
				TEST_HOST = "$(BUILT_PRODUCTS_DIR)/MiopsBarcodeManager.app/MiopsBarcodeManager";
			};
			name = Debug;
		};
		4FF46850259B8B830059C8A0 /* Release */ = {
			isa = XCBuildConfiguration;
			buildSettings = {
				ALWAYS_EMBED_SWIFT_STANDARD_LIBRARIES = YES;
				BUNDLE_LOADER = "$(TEST_HOST)";
				CODE_SIGN_STYLE = Automatic;
				DEVELOPMENT_TEAM = XJ65T6XJTU;
				INFOPLIST_FILE = MiopsBarcodeManagerTests/Info.plist;
				IPHONEOS_DEPLOYMENT_TARGET = 14.1;
				LD_RUNPATH_SEARCH_PATHS = (
					"$(inherited)",
					"@executable_path/Frameworks",
					"@loader_path/Frameworks",
				);
				PRODUCT_BUNDLE_IDENTIFIER = Staj.MiopsBarcodeManagerTests;
				PRODUCT_NAME = "$(TARGET_NAME)";
				SWIFT_VERSION = 5.0;
				TARGETED_DEVICE_FAMILY = "1,2";
				TEST_HOST = "$(BUILT_PRODUCTS_DIR)/MiopsBarcodeManager.app/MiopsBarcodeManager";
			};
			name = Release;
		};
		4FF46852259B8B830059C8A0 /* Debug */ = {
			isa = XCBuildConfiguration;
			buildSettings = {
				ALWAYS_EMBED_SWIFT_STANDARD_LIBRARIES = YES;
				CODE_SIGN_STYLE = Automatic;
				DEVELOPMENT_TEAM = XJ65T6XJTU;
				INFOPLIST_FILE = MiopsBarcodeManagerUITests/Info.plist;
				LD_RUNPATH_SEARCH_PATHS = (
					"$(inherited)",
					"@executable_path/Frameworks",
					"@loader_path/Frameworks",
				);
				PRODUCT_BUNDLE_IDENTIFIER = Staj.MiopsBarcodeManagerUITests;
				PRODUCT_NAME = "$(TARGET_NAME)";
				SWIFT_VERSION = 5.0;
				TARGETED_DEVICE_FAMILY = "1,2";
				TEST_TARGET_NAME = MiopsBarcodeManager;
			};
			name = Debug;
		};
		4FF46853259B8B830059C8A0 /* Release */ = {
			isa = XCBuildConfiguration;
			buildSettings = {
				ALWAYS_EMBED_SWIFT_STANDARD_LIBRARIES = YES;
				CODE_SIGN_STYLE = Automatic;
				DEVELOPMENT_TEAM = XJ65T6XJTU;
				INFOPLIST_FILE = MiopsBarcodeManagerUITests/Info.plist;
				LD_RUNPATH_SEARCH_PATHS = (
					"$(inherited)",
					"@executable_path/Frameworks",
					"@loader_path/Frameworks",
				);
				PRODUCT_BUNDLE_IDENTIFIER = Staj.MiopsBarcodeManagerUITests;
				PRODUCT_NAME = "$(TARGET_NAME)";
				SWIFT_VERSION = 5.0;
				TARGETED_DEVICE_FAMILY = "1,2";
				TEST_TARGET_NAME = MiopsBarcodeManager;
			};
			name = Release;
		};
/* End XCBuildConfiguration section */

/* Begin XCConfigurationList section */
		4FF46819259B8B810059C8A0 /* Build configuration list for PBXProject "MiopsBarcodeManager" */ = {
			isa = XCConfigurationList;
			buildConfigurations = (
				4FF46849259B8B830059C8A0 /* Debug */,
				4FF4684A259B8B830059C8A0 /* Release */,
			);
			defaultConfigurationIsVisible = 0;
			defaultConfigurationName = Release;
		};
		4FF4684B259B8B830059C8A0 /* Build configuration list for PBXNativeTarget "MiopsBarcodeManager" */ = {
			isa = XCConfigurationList;
			buildConfigurations = (
				4FF4684C259B8B830059C8A0 /* Debug */,
				4FF4684D259B8B830059C8A0 /* Release */,
			);
			defaultConfigurationIsVisible = 0;
			defaultConfigurationName = Release;
		};
		4FF4684E259B8B830059C8A0 /* Build configuration list for PBXNativeTarget "MiopsBarcodeManagerTests" */ = {
			isa = XCConfigurationList;
			buildConfigurations = (
				4FF4684F259B8B830059C8A0 /* Debug */,
				4FF46850259B8B830059C8A0 /* Release */,
			);
			defaultConfigurationIsVisible = 0;
			defaultConfigurationName = Release;
		};
		4FF46851259B8B830059C8A0 /* Build configuration list for PBXNativeTarget "MiopsBarcodeManagerUITests" */ = {
			isa = XCConfigurationList;
			buildConfigurations = (
				4FF46852259B8B830059C8A0 /* Debug */,
				4FF46853259B8B830059C8A0 /* Release */,
			);
			defaultConfigurationIsVisible = 0;
			defaultConfigurationName = Release;
		};
/* End XCConfigurationList section */

/* Begin XCVersionGroup section */
		4FF4682A259B8B810059C8A0 /* MiopsBarcodeManager.xcdatamodeld */ = {
			isa = XCVersionGroup;
			children = (
				4FF4682B259B8B810059C8A0 /* MiopsBarcodeManager.xcdatamodel */,
			);
			currentVersion = 4FF4682B259B8B810059C8A0 /* MiopsBarcodeManager.xcdatamodel */;
			path = MiopsBarcodeManager.xcdatamodeld;
			sourceTree = "<group>";
			versionGroupType = wrapper.xcdatamodel;
		};
/* End XCVersionGroup section */
	};
	rootObject = 4FF46816259B8B810059C8A0 /* Project object */;
}
